// !$*UTF8*$!
{
	archiveVersion = 1;
	classes = {
	};
	objectVersion = 46;
	objects = {

/* Begin PBXBuildFile section */
		2E4DC07E1764404A00BDCDCF /* PreferenceWindowController.m in Sources */ = {isa = PBXBuildFile; fileRef = 2E4DC07D1764404A00BDCDCF /* PreferenceWindowController.m */; };
		2E4DC0811764424200BDCDCF /* PreferenceWindow.xib in Resources */ = {isa = PBXBuildFile; fileRef = 2E4DC0801764424200BDCDCF /* PreferenceWindow.xib */; };
		2E7A279C1784CA1800E9CB5D /* FolderIcon.pxm in Resources */ = {isa = PBXBuildFile; fileRef = 2E7A279B1784CA1800E9CB5D /* FolderIcon.pxm */; };
		2E7A68E91732BB61002801C2 /* Cocoa.framework in Frameworks */ = {isa = PBXBuildFile; fileRef = 2E7A68E81732BB61002801C2 /* Cocoa.framework */; };
		2E7A68F31732BB61002801C2 /* InfoPlist.strings in Resources */ = {isa = PBXBuildFile; fileRef = 2E7A68F11732BB61002801C2 /* InfoPlist.strings */; };
		2E7A68F51732BB61002801C2 /* main.m in Sources */ = {isa = PBXBuildFile; fileRef = 2E7A68F41732BB61002801C2 /* main.m */; };
		2E7A68F91732BB61002801C2 /* Credits.rtf in Resources */ = {isa = PBXBuildFile; fileRef = 2E7A68F71732BB61002801C2 /* Credits.rtf */; };
		2E7A68FC1732BB61002801C2 /* SHA1CalcOnMacAppDelegate.m in Sources */ = {isa = PBXBuildFile; fileRef = 2E7A68FB1732BB61002801C2 /* SHA1CalcOnMacAppDelegate.m */; };
		2E7A68FF1732BB61002801C2 /* MainMenu.xib in Resources */ = {isa = PBXBuildFile; fileRef = 2E7A68FD1732BB61002801C2 /* MainMenu.xib */; };
		2E7A69071732BB62002801C2 /* SenTestingKit.framework in Frameworks */ = {isa = PBXBuildFile; fileRef = 2E7A69061732BB62002801C2 /* SenTestingKit.framework */; };
		2E7A69081732BB62002801C2 /* Cocoa.framework in Frameworks */ = {isa = PBXBuildFile; fileRef = 2E7A68E81732BB61002801C2 /* Cocoa.framework */; };
		2E7A69101732BB62002801C2 /* InfoPlist.strings in Resources */ = {isa = PBXBuildFile; fileRef = 2E7A690E1732BB62002801C2 /* InfoPlist.strings */; };
		2E7A69131732BB62002801C2 /* SHA1CalcOnMacTests.m in Sources */ = {isa = PBXBuildFile; fileRef = 2E7A69121732BB62002801C2 /* SHA1CalcOnMacTests.m */; };
		2E85059717845694001E33D2 /* MainMenu.icns in Resources */ = {isa = PBXBuildFile; fileRef = 2E85059617845694001E33D2 /* MainMenu.icns */; };
		2EA24811175B2754001CC364 /* FindWindowController.m in Sources */ = {isa = PBXBuildFile; fileRef = 2EA24810175B2754001CC364 /* FindWindowController.m */; };
		2EA24813175B2804001CC364 /* FindWindow.xib in Resources */ = {isa = PBXBuildFile; fileRef = 2EA24812175B2804001CC364 /* FindWindow.xib */; };
		2EA7C03A17767F0400EB1AD2 /* FindInfo.m in Sources */ = {isa = PBXBuildFile; fileRef = 2EA7C03917767F0300EB1AD2 /* FindInfo.m */; };
		2EA7C03E1776A26900EB1AD2 /* FindInfoMatcher.m in Sources */ = {isa = PBXBuildFile; fileRef = 2EA7C03D1776A26800EB1AD2 /* FindInfoMatcher.m */; };
		2ECD6474174776B300D1C987 /* HashItem.m in Sources */ = {isa = PBXBuildFile; fileRef = 2ECD6473174776B300D1C987 /* HashItem.m */; };
		2ECD64771747826A00D1C987 /* HashCalcurateThread.m in Sources */ = {isa = PBXBuildFile; fileRef = 2ECD64761747826A00D1C987 /* HashCalcurateThread.m */; };
		2ECD647A1747865100D1C987 /* HashItemList.m in Sources */ = {isa = PBXBuildFile; fileRef = 2ECD64791747865100D1C987 /* HashItemList.m */; };
/* End PBXBuildFile section */

/* Begin PBXContainerItemProxy section */
		2E7A69091732BB62002801C2 /* PBXContainerItemProxy */ = {
			isa = PBXContainerItemProxy;
			containerPortal = 2E7A68DB1732BB61002801C2 /* Project object */;
			proxyType = 1;
			remoteGlobalIDString = 2E7A68E31732BB61002801C2;
			remoteInfo = SHA1CalcOnMac;
		};
/* End PBXContainerItemProxy section */

/* Begin PBXFileReference section */
		2E4DC07C1764404A00BDCDCF /* PreferenceWindowController.h */ = {isa = PBXFileReference; fileEncoding = 4; lastKnownFileType = sourcecode.c.h; path = PreferenceWindowController.h; sourceTree = "<group>"; };
		2E4DC07D1764404A00BDCDCF /* PreferenceWindowController.m */ = {isa = PBXFileReference; fileEncoding = 4; lastKnownFileType = sourcecode.c.objc; path = PreferenceWindowController.m; sourceTree = "<group>"; };
		2E4DC0801764424200BDCDCF /* PreferenceWindow.xib */ = {isa = PBXFileReference; fileEncoding = 4; lastKnownFileType = file.xib; path = PreferenceWindow.xib; sourceTree = "<group>"; };
		2E7A279B1784CA1800E9CB5D /* FolderIcon.pxm */ = {isa = PBXFileReference; lastKnownFileType = file; path = FolderIcon.pxm; sourceTree = "<group>"; };
		2E7A68E41732BB61002801C2 /* SHA1CalcOnMac.app */ = {isa = PBXFileReference; explicitFileType = wrapper.application; includeInIndex = 0; path = SHA1CalcOnMac.app; sourceTree = BUILT_PRODUCTS_DIR; };
		2E7A68E81732BB61002801C2 /* Cocoa.framework */ = {isa = PBXFileReference; lastKnownFileType = wrapper.framework; name = Cocoa.framework; path = System/Library/Frameworks/Cocoa.framework; sourceTree = SDKROOT; };
		2E7A68EB1732BB61002801C2 /* AppKit.framework */ = {isa = PBXFileReference; lastKnownFileType = wrapper.framework; name = AppKit.framework; path = System/Library/Frameworks/AppKit.framework; sourceTree = SDKROOT; };
		2E7A68EC1732BB61002801C2 /* CoreData.framework */ = {isa = PBXFileReference; lastKnownFileType = wrapper.framework; name = CoreData.framework; path = System/Library/Frameworks/CoreData.framework; sourceTree = SDKROOT; };
		2E7A68ED1732BB61002801C2 /* Foundation.framework */ = {isa = PBXFileReference; lastKnownFileType = wrapper.framework; name = Foundation.framework; path = System/Library/Frameworks/Foundation.framework; sourceTree = SDKROOT; };
		2E7A68F01732BB61002801C2 /* SHA1CalcOnMac-Info.plist */ = {isa = PBXFileReference; lastKnownFileType = text.plist.xml; path = "SHA1CalcOnMac-Info.plist"; sourceTree = "<group>"; };
		2E7A68F21732BB61002801C2 /* en */ = {isa = PBXFileReference; lastKnownFileType = text.plist.strings; name = en; path = en.lproj/InfoPlist.strings; sourceTree = "<group>"; };
		2E7A68F41732BB61002801C2 /* main.m */ = {isa = PBXFileReference; lastKnownFileType = sourcecode.c.objc; path = main.m; sourceTree = "<group>"; };
		2E7A68F61732BB61002801C2 /* SHA1CalcOnMac-Prefix.pch */ = {isa = PBXFileReference; lastKnownFileType = sourcecode.c.h; path = "SHA1CalcOnMac-Prefix.pch"; sourceTree = "<group>"; };
		2E7A68F81732BB61002801C2 /* en */ = {isa = PBXFileReference; lastKnownFileType = text.rtf; name = en; path = en.lproj/Credits.rtf; sourceTree = "<group>"; };
		2E7A68FA1732BB61002801C2 /* SHA1CalcOnMacAppDelegate.h */ = {isa = PBXFileReference; lastKnownFileType = sourcecode.c.h; path = SHA1CalcOnMacAppDelegate.h; sourceTree = "<group>"; };
		2E7A68FB1732BB61002801C2 /* SHA1CalcOnMacAppDelegate.m */ = {isa = PBXFileReference; lastKnownFileType = sourcecode.c.objc; path = SHA1CalcOnMacAppDelegate.m; sourceTree = "<group>"; };
		2E7A68FE1732BB61002801C2 /* en */ = {isa = PBXFileReference; lastKnownFileType = file.xib; name = en; path = en.lproj/MainMenu.xib; sourceTree = "<group>"; };
		2E7A69051732BB62002801C2 /* SHA1CalcOnMacTests.octest */ = {isa = PBXFileReference; explicitFileType = wrapper.cfbundle; includeInIndex = 0; path = SHA1CalcOnMacTests.octest; sourceTree = BUILT_PRODUCTS_DIR; };
		2E7A69061732BB62002801C2 /* SenTestingKit.framework */ = {isa = PBXFileReference; lastKnownFileType = wrapper.framework; name = SenTestingKit.framework; path = Library/Frameworks/SenTestingKit.framework; sourceTree = DEVELOPER_DIR; };
		2E7A690D1732BB62002801C2 /* SHA1CalcOnMacTests-Info.plist */ = {isa = PBXFileReference; lastKnownFileType = text.plist.xml; path = "SHA1CalcOnMacTests-Info.plist"; sourceTree = "<group>"; };
		2E7A690F1732BB62002801C2 /* en */ = {isa = PBXFileReference; lastKnownFileType = text.plist.strings; name = en; path = en.lproj/InfoPlist.strings; sourceTree = "<group>"; };
		2E7A69111732BB62002801C2 /* SHA1CalcOnMacTests.h */ = {isa = PBXFileReference; lastKnownFileType = sourcecode.c.h; path = SHA1CalcOnMacTests.h; sourceTree = "<group>"; };
		2E7A69121732BB62002801C2 /* SHA1CalcOnMacTests.m */ = {isa = PBXFileReference; lastKnownFileType = sourcecode.c.objc; path = SHA1CalcOnMacTests.m; sourceTree = "<group>"; };
		2E85059617845694001E33D2 /* MainMenu.icns */ = {isa = PBXFileReference; lastKnownFileType = image.icns; path = MainMenu.icns; sourceTree = "<group>"; };
		2EA2480F175B2754001CC364 /* FindWindowController.h */ = {isa = PBXFileReference; fileEncoding = 4; lastKnownFileType = sourcecode.c.h; path = FindWindowController.h; sourceTree = "<group>"; };
		2EA24810175B2754001CC364 /* FindWindowController.m */ = {isa = PBXFileReference; fileEncoding = 4; lastKnownFileType = sourcecode.c.objc; path = FindWindowController.m; sourceTree = "<group>"; };
		2EA24812175B2804001CC364 /* FindWindow.xib */ = {isa = PBXFileReference; fileEncoding = 4; lastKnownFileType = file.xib; path = FindWindow.xib; sourceTree = "<group>"; };
		2EA7C03817767F0300EB1AD2 /* FindInfo.h */ = {isa = PBXFileReference; fileEncoding = 4; lastKnownFileType = sourcecode.c.h; path = FindInfo.h; sourceTree = "<group>"; };
		2EA7C03917767F0300EB1AD2 /* FindInfo.m */ = {isa = PBXFileReference; fileEncoding = 4; lastKnownFileType = sourcecode.c.objc; path = FindInfo.m; sourceTree = "<group>"; };
		2EA7C03C1776A26800EB1AD2 /* FindInfoMatcher.h */ = {isa = PBXFileReference; fileEncoding = 4; lastKnownFileType = sourcecode.c.h; path = FindInfoMatcher.h; sourceTree = "<group>"; };
		2EA7C03D1776A26800EB1AD2 /* FindInfoMatcher.m */ = {isa = PBXFileReference; fileEncoding = 4; lastKnownFileType = sourcecode.c.objc; path = FindInfoMatcher.m; sourceTree = "<group>"; };
		2ECD6472174776B300D1C987 /* HashItem.h */ = {isa = PBXFileReference; fileEncoding = 4; lastKnownFileType = sourcecode.c.h; path = HashItem.h; sourceTree = "<group>"; };
		2ECD6473174776B300D1C987 /* HashItem.m */ = {isa = PBXFileReference; fileEncoding = 4; lastKnownFileType = sourcecode.c.objc; path = HashItem.m; sourceTree = "<group>"; };
		2ECD64751747826A00D1C987 /* HashCalcurateThread.h */ = {isa = PBXFileReference; fileEncoding = 4; lastKnownFileType = sourcecode.c.h; path = HashCalcurateThread.h; sourceTree = "<group>"; };
		2ECD64761747826A00D1C987 /* HashCalcurateThread.m */ = {isa = PBXFileReference; fileEncoding = 4; lastKnownFileType = sourcecode.c.objc; path = HashCalcurateThread.m; sourceTree = "<group>"; };
		2ECD64781747865100D1C987 /* HashItemList.h */ = {isa = PBXFileReference; fileEncoding = 4; lastKnownFileType = sourcecode.c.h; path = HashItemList.h; sourceTree = "<group>"; };
		2ECD64791747865100D1C987 /* HashItemList.m */ = {isa = PBXFileReference; fileEncoding = 4; lastKnownFileType = sourcecode.c.objc; path = HashItemList.m; sourceTree = "<group>"; };
/* End PBXFileReference section */

/* Begin PBXFrameworksBuildPhase section */
		2E7A68E11732BB61002801C2 /* Frameworks */ = {
			isa = PBXFrameworksBuildPhase;
			buildActionMask = 2147483647;
			files = (
				2E7A68E91732BB61002801C2 /* Cocoa.framework in Frameworks */,
			);
			runOnlyForDeploymentPostprocessing = 0;
		};
		2E7A69011732BB62002801C2 /* Frameworks */ = {
			isa = PBXFrameworksBuildPhase;
			buildActionMask = 2147483647;
			files = (
				2E7A69071732BB62002801C2 /* SenTestingKit.framework in Frameworks */,
				2E7A69081732BB62002801C2 /* Cocoa.framework in Frameworks */,
			);
			runOnlyForDeploymentPostprocessing = 0;
		};
/* End PBXFrameworksBuildPhase section */

/* Begin PBXGroup section */
		2E7A68D91732BB61002801C2 = {
			isa = PBXGroup;
			children = (
				2E7A279B1784CA1800E9CB5D /* FolderIcon.pxm */,
				2E7A68EE1732BB61002801C2 /* SHA1CalcOnMac */,
				2E7A690B1732BB62002801C2 /* SHA1CalcOnMacTests */,
				2E7A68E71732BB61002801C2 /* Frameworks */,
				2E7A68E51732BB61002801C2 /* Products */,
			);
			sourceTree = "<group>";
		};
		2E7A68E51732BB61002801C2 /* Products */ = {
			isa = PBXGroup;
			children = (
				2E7A68E41732BB61002801C2 /* SHA1CalcOnMac.app */,
				2E7A69051732BB62002801C2 /* SHA1CalcOnMacTests.octest */,
			);
			name = Products;
			sourceTree = "<group>";
		};
		2E7A68E71732BB61002801C2 /* Frameworks */ = {
			isa = PBXGroup;
			children = (
				2E7A68E81732BB61002801C2 /* Cocoa.framework */,
				2E7A69061732BB62002801C2 /* SenTestingKit.framework */,
				2E7A68EA1732BB61002801C2 /* Other Frameworks */,
			);
			name = Frameworks;
			sourceTree = "<group>";
		};
		2E7A68EA1732BB61002801C2 /* Other Frameworks */ = {
			isa = PBXGroup;
			children = (
				2E7A68EB1732BB61002801C2 /* AppKit.framework */,
				2E7A68EC1732BB61002801C2 /* CoreData.framework */,
				2E7A68ED1732BB61002801C2 /* Foundation.framework */,
			);
			name = "Other Frameworks";
			sourceTree = "<group>";
		};
		2E7A68EE1732BB61002801C2 /* SHA1CalcOnMac */ = {
			isa = PBXGroup;
			children = (
				2E85059617845694001E33D2 /* MainMenu.icns */,
				2E7A68FD1732BB61002801C2 /* MainMenu.xib */,
				2E7A68FA1732BB61002801C2 /* SHA1CalcOnMacAppDelegate.h */,
				2E7A68FB1732BB61002801C2 /* SHA1CalcOnMacAppDelegate.m */,
				2E7A68EF1732BB61002801C2 /* Supporting Files */,
				2ECD6472174776B300D1C987 /* HashItem.h */,
				2ECD6473174776B300D1C987 /* HashItem.m */,
				2ECD64751747826A00D1C987 /* HashCalcurateThread.h */,
				2ECD64761747826A00D1C987 /* HashCalcurateThread.m */,
				2ECD64781747865100D1C987 /* HashItemList.h */,
				2ECD64791747865100D1C987 /* HashItemList.m */,
				2EA24812175B2804001CC364 /* FindWindow.xib */,
				2EA2480F175B2754001CC364 /* FindWindowController.h */,
				2EA24810175B2754001CC364 /* FindWindowController.m */,
				2EA7C03817767F0300EB1AD2 /* FindInfo.h */,
				2EA7C03917767F0300EB1AD2 /* FindInfo.m */,
				2E4DC0801764424200BDCDCF /* PreferenceWindow.xib */,
				2E4DC07C1764404A00BDCDCF /* PreferenceWindowController.h */,
				2E4DC07D1764404A00BDCDCF /* PreferenceWindowController.m */,
				2EA7C03C1776A26800EB1AD2 /* FindInfoMatcher.h */,
				2EA7C03D1776A26800EB1AD2 /* FindInfoMatcher.m */,
			);
			path = SHA1CalcOnMac;
			sourceTree = "<group>";
		};
		2E7A68EF1732BB61002801C2 /* Supporting Files */ = {
			isa = PBXGroup;
			children = (
				2E7A68F01732BB61002801C2 /* SHA1CalcOnMac-Info.plist */,
				2E7A68F11732BB61002801C2 /* InfoPlist.strings */,
				2E7A68F41732BB61002801C2 /* main.m */,
				2E7A68F61732BB61002801C2 /* SHA1CalcOnMac-Prefix.pch */,
				2E7A68F71732BB61002801C2 /* Credits.rtf */,
			);
			name = "Supporting Files";
			sourceTree = "<group>";
		};
		2E7A690B1732BB62002801C2 /* SHA1CalcOnMacTests */ = {
			isa = PBXGroup;
			children = (
				2E7A69111732BB62002801C2 /* SHA1CalcOnMacTests.h */,
				2E7A69121732BB62002801C2 /* SHA1CalcOnMacTests.m */,
				2E7A690C1732BB62002801C2 /* Supporting Files */,
			);
			path = SHA1CalcOnMacTests;
			sourceTree = "<group>";
		};
		2E7A690C1732BB62002801C2 /* Supporting Files */ = {
			isa = PBXGroup;
			children = (
				2E7A690D1732BB62002801C2 /* SHA1CalcOnMacTests-Info.plist */,
				2E7A690E1732BB62002801C2 /* InfoPlist.strings */,
			);
			name = "Supporting Files";
			sourceTree = "<group>";
		};
/* End PBXGroup section */

/* Begin PBXNativeTarget section */
		2E7A68E31732BB61002801C2 /* SHA1CalcOnMac */ = {
			isa = PBXNativeTarget;
			buildConfigurationList = 2E7A69161732BB62002801C2 /* Build configuration list for PBXNativeTarget "SHA1CalcOnMac" */;
			buildPhases = (
				2E7A68E01732BB61002801C2 /* Sources */,
				2E7A68E11732BB61002801C2 /* Frameworks */,
				2E7A68E21732BB61002801C2 /* Resources */,
			);
			buildRules = (
			);
			dependencies = (
			);
			name = SHA1CalcOnMac;
			productName = SHA1CalcOnMac;
			productReference = 2E7A68E41732BB61002801C2 /* SHA1CalcOnMac.app */;
			productType = "com.apple.product-type.application";
		};
		2E7A69041732BB62002801C2 /* SHA1CalcOnMacTests */ = {
			isa = PBXNativeTarget;
			buildConfigurationList = 2E7A69191732BB62002801C2 /* Build configuration list for PBXNativeTarget "SHA1CalcOnMacTests" */;
			buildPhases = (
				2E7A69001732BB62002801C2 /* Sources */,
				2E7A69011732BB62002801C2 /* Frameworks */,
				2E7A69021732BB62002801C2 /* Resources */,
				2E7A69031732BB62002801C2 /* ShellScript */,
			);
			buildRules = (
			);
			dependencies = (
				2E7A690A1732BB62002801C2 /* PBXTargetDependency */,
			);
			name = SHA1CalcOnMacTests;
			productName = SHA1CalcOnMacTests;
			productReference = 2E7A69051732BB62002801C2 /* SHA1CalcOnMacTests.octest */;
			productType = "com.apple.product-type.bundle";
		};
/* End PBXNativeTarget section */

/* Begin PBXProject section */
		2E7A68DB1732BB61002801C2 /* Project object */ = {
			isa = PBXProject;
			attributes = {
				LastUpgradeCheck = 0460;
			};
			buildConfigurationList = 2E7A68DE1732BB61002801C2 /* Build configuration list for PBXProject "SHA1CalcOnMac" */;
			compatibilityVersion = "Xcode 3.2";
			developmentRegion = English;
			hasScannedForEncodings = 0;
			knownRegions = (
				en,
			);
			mainGroup = 2E7A68D91732BB61002801C2;
			productRefGroup = 2E7A68E51732BB61002801C2 /* Products */;
			projectDirPath = "";
			projectRoot = "";
			targets = (
				2E7A68E31732BB61002801C2 /* SHA1CalcOnMac */,
				2E7A69041732BB62002801C2 /* SHA1CalcOnMacTests */,
			);
		};
/* End PBXProject section */

/* Begin PBXResourcesBuildPhase section */
		2E7A68E21732BB61002801C2 /* Resources */ = {
			isa = PBXResourcesBuildPhase;
			buildActionMask = 2147483647;
			files = (
				2E7A68F31732BB61002801C2 /* InfoPlist.strings in Resources */,
				2E7A68F91732BB61002801C2 /* Credits.rtf in Resources */,
				2E7A68FF1732BB61002801C2 /* MainMenu.xib in Resources */,
				2EA24813175B2804001CC364 /* FindWindow.xib in Resources */,
				2E4DC0811764424200BDCDCF /* PreferenceWindow.xib in Resources */,
				2E85059717845694001E33D2 /* MainMenu.icns in Resources */,
				2E7A279C1784CA1800E9CB5D /* FolderIcon.pxm in Resources */,
			);
			runOnlyForDeploymentPostprocessing = 0;
		};
		2E7A69021732BB62002801C2 /* Resources */ = {
			isa = PBXResourcesBuildPhase;
			buildActionMask = 2147483647;
			files = (
				2E7A69101732BB62002801C2 /* InfoPlist.strings in Resources */,
			);
			runOnlyForDeploymentPostprocessing = 0;
		};
/* End PBXResourcesBuildPhase section */

/* Begin PBXShellScriptBuildPhase section */
		2E7A69031732BB62002801C2 /* ShellScript */ = {
			isa = PBXShellScriptBuildPhase;
			buildActionMask = 2147483647;
			files = (
			);
			inputPaths = (
			);
			outputPaths = (
			);
			runOnlyForDeploymentPostprocessing = 0;
			shellPath = /bin/sh;
			shellScript = "# Run the unit tests in this test bundle.\n\"${SYSTEM_DEVELOPER_DIR}/Tools/RunUnitTests\"\n";
		};
/* End PBXShellScriptBuildPhase section */

/* Begin PBXSourcesBuildPhase section */
		2E7A68E01732BB61002801C2 /* Sources */ = {
			isa = PBXSourcesBuildPhase;
			buildActionMask = 2147483647;
			files = (
				2E7A68F51732BB61002801C2 /* main.m in Sources */,
				2E7A68FC1732BB61002801C2 /* SHA1CalcOnMacAppDelegate.m in Sources */,
				2ECD6474174776B300D1C987 /* HashItem.m in Sources */,
				2ECD64771747826A00D1C987 /* HashCalcurateThread.m in Sources */,
				2ECD647A1747865100D1C987 /* HashItemList.m in Sources */,
				2EA24811175B2754001CC364 /* FindWindowController.m in Sources */,
				2E4DC07E1764404A00BDCDCF /* PreferenceWindowController.m in Sources */,
				2EA7C03A17767F0400EB1AD2 /* FindInfo.m in Sources */,
				2EA7C03E1776A26900EB1AD2 /* FindInfoMatcher.m in Sources */,
			);
			runOnlyForDeploymentPostprocessing = 0;
		};
		2E7A69001732BB62002801C2 /* Sources */ = {
			isa = PBXSourcesBuildPhase;
			buildActionMask = 2147483647;
			files = (
				2E7A69131732BB62002801C2 /* SHA1CalcOnMacTests.m in Sources */,
			);
			runOnlyForDeploymentPostprocessing = 0;
		};
/* End PBXSourcesBuildPhase section */

/* Begin PBXTargetDependency section */
		2E7A690A1732BB62002801C2 /* PBXTargetDependency */ = {
			isa = PBXTargetDependency;
			target = 2E7A68E31732BB61002801C2 /* SHA1CalcOnMac */;
			targetProxy = 2E7A69091732BB62002801C2 /* PBXContainerItemProxy */;
		};
/* End PBXTargetDependency section */

/* Begin PBXVariantGroup section */
		2E7A68F11732BB61002801C2 /* InfoPlist.strings */ = {
			isa = PBXVariantGroup;
			children = (
				2E7A68F21732BB61002801C2 /* en */,
			);
			name = InfoPlist.strings;
			sourceTree = "<group>";
		};
		2E7A68F71732BB61002801C2 /* Credits.rtf */ = {
			isa = PBXVariantGroup;
			children = (
				2E7A68F81732BB61002801C2 /* en */,
			);
			name = Credits.rtf;
			sourceTree = "<group>";
		};
		2E7A68FD1732BB61002801C2 /* MainMenu.xib */ = {
			isa = PBXVariantGroup;
			children = (
				2E7A68FE1732BB61002801C2 /* en */,
			);
			name = MainMenu.xib;
			sourceTree = "<group>";
		};
		2E7A690E1732BB62002801C2 /* InfoPlist.strings */ = {
			isa = PBXVariantGroup;
			children = (
				2E7A690F1732BB62002801C2 /* en */,
			);
			name = InfoPlist.strings;
			sourceTree = "<group>";
		};
/* End PBXVariantGroup section */

/* Begin XCBuildConfiguration section */
		2E7A69141732BB62002801C2 /* Debug */ = {
			isa = XCBuildConfiguration;
			buildSettings = {
				ALWAYS_SEARCH_USER_PATHS = NO;
				ARCHS = "$(ARCHS_STANDARD_64_BIT)";
				CLANG_WARN_CONSTANT_CONVERSION = YES;
				CLANG_WARN_ENUM_CONVERSION = YES;
				CLANG_WARN_INT_CONVERSION = YES;
				CLANG_WARN__DUPLICATE_METHOD_MATCH = YES;
				COPY_PHASE_STRIP = NO;
				GCC_C_LANGUAGE_STANDARD = gnu99;
				GCC_DYNAMIC_NO_PIC = NO;
				GCC_ENABLE_OBJC_EXCEPTIONS = YES;
				GCC_OPTIMIZATION_LEVEL = 0;
				GCC_PREPROCESSOR_DEFINITIONS = (
					"DEBUG=1",
					"$(inherited)",
				);
				GCC_SYMBOLS_PRIVATE_EXTERN = NO;
				GCC_VERSION = com.apple.compilers.llvm.clang.1_0;
				GCC_WARN_64_TO_32_BIT_CONVERSION = YES;
				GCC_WARN_ABOUT_MISSING_PROTOTYPES = YES;
				GCC_WARN_ABOUT_RETURN_TYPE = YES;
				GCC_WARN_UNINITIALIZED_AUTOS = YES;
				GCC_WARN_UNUSED_VARIABLE = YES;
				MACOSX_DEPLOYMENT_TARGET = 10.6;
				ONLY_ACTIVE_ARCH = YES;
				SDKROOT = macosx;
			};
			name = Debug;
		};
		2E7A69151732BB62002801C2 /* Release */ = {
			isa = XCBuildConfiguration;
			buildSettings = {
				ALWAYS_SEARCH_USER_PATHS = NO;
				ARCHS = "$(ARCHS_STANDARD_64_BIT)";
				CLANG_WARN_CONSTANT_CONVERSION = YES;
				CLANG_WARN_ENUM_CONVERSION = YES;
				CLANG_WARN_INT_CONVERSION = YES;
				CLANG_WARN__DUPLICATE_METHOD_MATCH = YES;
				COPY_PHASE_STRIP = YES;
				DEBUG_INFORMATION_FORMAT = "dwarf-with-dsym";
				GCC_C_LANGUAGE_STANDARD = gnu99;
				GCC_ENABLE_OBJC_EXCEPTIONS = YES;
				GCC_VERSION = com.apple.compilers.llvm.clang.1_0;
				GCC_WARN_64_TO_32_BIT_CONVERSION = YES;
				GCC_WARN_ABOUT_MISSING_PROTOTYPES = YES;
				GCC_WARN_ABOUT_RETURN_TYPE = YES;
				GCC_WARN_UNINITIALIZED_AUTOS = YES;
				GCC_WARN_UNUSED_VARIABLE = YES;
				MACOSX_DEPLOYMENT_TARGET = 10.6;
				SDKROOT = macosx;
			};
			name = Release;
		};
		2E7A69171732BB62002801C2 /* Debug */ = {
			isa = XCBuildConfiguration;
			buildSettings = {
				COMBINE_HIDPI_IMAGES = YES;
				GCC_PRECOMPILE_PREFIX_HEADER = YES;
				GCC_PREFIX_HEADER = "SHA1CalcOnMac/SHA1CalcOnMac-Prefix.pch";
				INFOPLIST_FILE = "SHA1CalcOnMac/SHA1CalcOnMac-Info.plist";
				PRODUCT_NAME = "$(TARGET_NAME)";
				WRAPPER_EXTENSION = app;
			};
			name = Debug;
		};
		2E7A69181732BB62002801C2 /* Release */ = {
			isa = XCBuildConfiguration;
			buildSettings = {
				COMBINE_HIDPI_IMAGES = YES;
				GCC_PRECOMPILE_PREFIX_HEADER = YES;
				GCC_PREFIX_HEADER = "SHA1CalcOnMac/SHA1CalcOnMac-Prefix.pch";
				INFOPLIST_FILE = "SHA1CalcOnMac/SHA1CalcOnMac-Info.plist";
				PRODUCT_NAME = "$(TARGET_NAME)";
				WRAPPER_EXTENSION = app;
			};
			name = Release;
		};
		2E7A691A1732BB62002801C2 /* Debug */ = {
			isa = XCBuildConfiguration;
			buildSettings = {
				BUNDLE_LOADER = "$(BUILT_PRODUCTS_DIR)/SHA1CalcOnMac.app/Contents/MacOS/SHA1CalcOnMac";
				COMBINE_HIDPI_IMAGES = YES;
				FRAMEWORK_SEARCH_PATHS = "$(DEVELOPER_LIBRARY_DIR)/Frameworks";
				GCC_PRECOMPILE_PREFIX_HEADER = YES;
				GCC_PREFIX_HEADER = "SHA1CalcOnMac/SHA1CalcOnMac-Prefix.pch";
				INFOPLIST_FILE = "SHA1CalcOnMacTests/SHA1CalcOnMacTests-Info.plist";
				PRODUCT_NAME = "$(TARGET_NAME)";
				TEST_HOST = "$(BUNDLE_LOADER)";
				WRAPPER_EXTENSION = octest;
			};
			name = Debug;
		};
		2E7A691B1732BB62002801C2 /* Release */ = {
			isa = XCBuildConfiguration;
			buildSettings = {
				BUNDLE_LOADER = "$(BUILT_PRODUCTS_DIR)/SHA1CalcOnMac.app/Contents/MacOS/SHA1CalcOnMac";
				COMBINE_HIDPI_IMAGES = YES;
				FRAMEWORK_SEARCH_PATHS = "$(DEVELOPER_LIBRARY_DIR)/Frameworks";
				GCC_PRECOMPILE_PREFIX_HEADER = YES;
				GCC_PREFIX_HEADER = "SHA1CalcOnMac/SHA1CalcOnMac-Prefix.pch";
				INFOPLIST_FILE = "SHA1CalcOnMacTests/SHA1CalcOnMacTests-Info.plist";
				PRODUCT_NAME = "$(TARGET_NAME)";
				TEST_HOST = "$(BUNDLE_LOADER)";
				WRAPPER_EXTENSION = octest;
			};
			name = Release;
		};
		2ECD64871748F1DC00D1C987 /* distribute */ = {
			isa = XCBuildConfiguration;
			buildSettings = {
				ALWAYS_SEARCH_USER_PATHS = NO;
				ARCHS = "$(ARCHS_STANDARD_64_BIT)";
				CLANG_WARN_CONSTANT_CONVERSION = YES;
				CLANG_WARN_ENUM_CONVERSION = YES;
				CLANG_WARN_INT_CONVERSION = YES;
				CLANG_WARN__DUPLICATE_METHOD_MATCH = YES;
				COPY_PHASE_STRIP = YES;
				DEBUG_INFORMATION_FORMAT = "dwarf-with-dsym";
				GCC_C_LANGUAGE_STANDARD = gnu99;
				GCC_ENABLE_OBJC_EXCEPTIONS = YES;
				GCC_VERSION = com.apple.compilers.llvm.clang.1_0;
				GCC_WARN_64_TO_32_BIT_CONVERSION = YES;
				GCC_WARN_ABOUT_MISSING_PROTOTYPES = YES;
				GCC_WARN_ABOUT_RETURN_TYPE = YES;
				GCC_WARN_UNINITIALIZED_AUTOS = YES;
				GCC_WARN_UNUSED_VARIABLE = YES;
				MACOSX_DEPLOYMENT_TARGET = 10.6;
				SDKROOT = macosx;
			};
			name = distribute;
		};
		2ECD64881748F1DC00D1C987 /* distribute */ = {
			isa = XCBuildConfiguration;
			buildSettings = {
				COMBINE_HIDPI_IMAGES = YES;
				GCC_PRECOMPILE_PREFIX_HEADER = YES;
				GCC_PREFIX_HEADER = "SHA1CalcOnMac/SHA1CalcOnMac-Prefix.pch";
				INFOPLIST_FILE = "SHA1CalcOnMac/SHA1CalcOnMac-Info.plist";
				PRODUCT_NAME = "$(TARGET_NAME)";
				WRAPPER_EXTENSION = app;
			};
			name = distribute;
		};
		2ECD64891748F1DC00D1C987 /* distribute */ = {
			isa = XCBuildConfiguration;
			buildSettings = {
				BUNDLE_LOADER = "$(BUILT_PRODUCTS_DIR)/SHA1CalcOnMac.app/Contents/MacOS/SHA1CalcOnMac";
				COMBINE_HIDPI_IMAGES = YES;
				FRAMEWORK_SEARCH_PATHS = "$(DEVELOPER_LIBRARY_DIR)/Frameworks";
				GCC_PRECOMPILE_PREFIX_HEADER = YES;
				GCC_PREFIX_HEADER = "SHA1CalcOnMac/SHA1CalcOnMac-Prefix.pch";
				INFOPLIST_FILE = "SHA1CalcOnMacTests/SHA1CalcOnMacTests-Info.plist";
				PRODUCT_NAME = "$(TARGET_NAME)";
				TEST_HOST = "$(BUNDLE_LOADER)";
				WRAPPER_EXTENSION = octest;
			};
			name = distribute;
		};
/* End XCBuildConfiguration section */

/* Begin XCConfigurationList section */
		2E7A68DE1732BB61002801C2 /* Build configuration list for PBXProject "SHA1CalcOnMac" */ = {
			isa = XCConfigurationList;
			buildConfigurations = (
				2E7A69141732BB62002801C2 /* Debug */,
				2E7A69151732BB62002801C2 /* Release */,
				2ECD64871748F1DC00D1C987 /* distribute */,
			);
			defaultConfigurationIsVisible = 0;
			defaultConfigurationName = Release;
		};
		2E7A69161732BB62002801C2 /* Build configuration list for PBXNativeTarget "SHA1CalcOnMac" */ = {
			isa = XCConfigurationList;
			buildConfigurations = (
				2E7A69171732BB62002801C2 /* Debug */,
				2E7A69181732BB62002801C2 /* Release */,
				2ECD64881748F1DC00D1C987 /* distribute */,
			);
			defaultConfigurationIsVisible = 0;
			defaultConfigurationName = Release;
		};
		2E7A69191732BB62002801C2 /* Build configuration list for PBXNativeTarget "SHA1CalcOnMacTests" */ = {
			isa = XCConfigurationList;
			buildConfigurations = (
				2E7A691A1732BB62002801C2 /* Debug */,
				2E7A691B1732BB62002801C2 /* Release */,
				2ECD64891748F1DC00D1C987 /* distribute */,
			);
			defaultConfigurationIsVisible = 0;
			defaultConfigurationName = Release;
		};
/* End XCConfigurationList section */
	};
	rootObject = 2E7A68DB1732BB61002801C2 /* Project object */;
}
